
Microsoft Visual Studio Solution File, Format Version 12.00
# Visual Studio Version 17
VisualStudioVersion = 17.10.35122.118
MinimumVisualStudioVersion = 10.0.40219.1
Project("{FAE04EC0-301F-11D3-BF4B-00C04F79EFBC}") = "KioskWebAPI", "KioskWebAPI\KioskWebAPI.csproj", "{BCF6ADC2-F256-43EB-8ABF-7A9EE3F9FCB6}"
EndProject
Global
	GlobalSection(SolutionConfigurationPlatforms) = preSolution
		Debug|Any CPU = Debug|Any CPU
		Release|Any CPU = Release|Any CPU
	EndGlobalSection
	GlobalSection(ProjectConfigurationPlatforms) = postSolution
		{BCF6ADC2-F256-43EB-8ABF-7A9EE3F9FCB6}.Debug|Any CPU.ActiveCfg = Debug|Any CPU
		{BCF6ADC2-F256-43EB-8ABF-7A9EE3F9FCB6}.Debug|Any CPU.Build.0 = Debug|Any CPU
		{BCF6ADC2-F256-43EB-8ABF-7A9EE3F9FCB6}.Release|Any CPU.ActiveCfg = Release|Any CPU
		{BCF6ADC2-F256-43EB-8ABF-7A9EE3F9FCB6}.Release|Any CPU.Build.0 = Release|Any CPU
	EndGlobalSection
	GlobalSection(SolutionProperties) = preSolution
		HideSolutionNode = FALSE
	EndGlobalSection
	GlobalSection(ExtensibilityGlobals) = postSolution
		SolutionGuid = {2B4C09CB-37DC-4F05-A921-F45DF54BD884}
	EndGlobalSection
EndGlobal
